# This file was autogenerated by Stack.
# You should not edit this file by hand.
# For more information, please see the documentation at:
#   https://docs.haskellstack.org/en/stable/lock_files

packages:
- completed:
    hackage: socket-0.8.3.0@sha256:03d88d2401c0709cc04fdd73509e20356595c1248bbbe2492ee712e552f3af71,3294
    pantry-tree:
      size: 2064
      sha256: 753c4396cd28fb6862189ef62b604f99d24cb6d11b2407d56708ded372dc7582
  original:
    hackage: socket-0.8.3.0
- completed:
    hackage: socket-unix-0.2.0.0@sha256:8cecd07268b14ba47b13e7855f9862f3ce34a7079ccf21ea97057f6bd4f6fb66,3058
    pantry-tree:
      size: 796
      sha256: f1f06f8afdbb4686786b3af522965ecc800dc7d4aefb44aca5e35cfd6d72e939
  original:
    hackage: socket-unix-0.2.0.0
- completed:
    hackage: prometheus-metrics-ghc-1.0.1@sha256:d12cd520cbedff91bd193e0192056474723e953e69cdf817fb79494d110df390,1231
    pantry-tree:
      size: 293
      sha256: b412f2835ee5791a7f4f634c416227b70bae50511666d9f68683e5e21b5c2821
  original:
    hackage: prometheus-metrics-ghc-1.0.1
- completed:
    hackage: wai-middleware-prometheus-1.0.0@sha256:1625792914fb2139f005685be8ce519111451cfb854816e430fbf54af46238b4,1314
    pantry-tree:
      size: 307
      sha256: 6d64803c639ed4c7204ea6fab0536b97d3ee16cdecb9b4a883cd8e56d3c61402
  original:
    hackage: wai-middleware-prometheus-1.0.0
- completed:
    name: mqtt
    version: 0.6.0.0
    git: https://github.com/lpeterse/haskell-mqtt.git
    pantry-tree:
      size: 6801
      sha256: a6fd85cecba1c66ec1f019a69b326267496f3c6c54a560877a990469eb962b06
    commit: dd4eb856edd50439c6e73eda5878a5b6624e3eba
  original:
    git: https://github.com/lpeterse/haskell-mqtt.git
    commit: dd4eb856edd50439c6e73eda5878a5b6624e3eba
- completed:
    name: networking
    version: 0.1.1.0
    git: https://github.com/lpeterse/haskell-networking.git
    pantry-tree:
      size: 913
      sha256: 4b68e1aabf07fa8e8af0be4af6d318dd0ec9f5108e1e0c95141145beba25f4e3
    commit: b79d22a2b95c6ba4bb16b5b47bfb0ea06df9ddbd
  original:
    git: https://github.com/lpeterse/haskell-networking.git
    commit: b79d22a2b95c6ba4bb16b5b47bfb0ea06df9ddbd
snapshots:
- completed:
    size: 531696
    url: https://raw.githubusercontent.com/commercialhaskell/stackage-snapshots/master/lts/16/3.yaml
    sha256: 65e3a94c65ad07fa1913649e3f1e36c4af51bf528a5d9fd217bdc1b46d0477cc
  original: lts-16.3
